
Microsoft Visual Studio Solution File, Format Version 12.00
# Visual Studio Version 16
VisualStudioVersion = 16.0.31112.23
MinimumVisualStudioVersion = 10.0.40219.1
Project("{9A19103F-16F7-4668-BE54-9A1E7A4F7556}") = "BLL_Modulo_4", "BLL_Modulo_4\BLL_Modulo_4.csproj", "{B0798166-E1B8-46F4-AAD3-2DA54C5B7A86}"
EndProject
Project("{9A19103F-16F7-4668-BE54-9A1E7A4F7556}") = "DAL", "DAL\DAL.csproj", "{8B7B1359-B93A-4262-ACD0-0E55D95AE490}"
EndProject
Project("{9A19103F-16F7-4668-BE54-9A1E7A4F7556}") = "TestProject1", "TestProject1\TestProject1.csproj", "{64644C07-41C7-4DBE-9676-70D5AB060556}"
EndProject
Project("{9A19103F-16F7-4668-BE54-9A1E7A4F7556}") = "Entity", "..\..\Modulo 1\UI_NegocioDEPochi\Entity\Entity.csproj", "{0A30DE04-27BA-43D2-BECF-9F713F08766E}"
EndProject
Global
	GlobalSection(SolutionConfigurationPlatforms) = preSolution
		Debug|Any CPU = Debug|Any CPU
		Release|Any CPU = Release|Any CPU
	EndGlobalSection
	GlobalSection(ProjectConfigurationPlatforms) = postSolution
		{B0798166-E1B8-46F4-AAD3-2DA54C5B7A86}.Debug|Any CPU.ActiveCfg = Debug|Any CPU
		{B0798166-E1B8-46F4-AAD3-2DA54C5B7A86}.Debug|Any CPU.Build.0 = Debug|Any CPU
		{B0798166-E1B8-46F4-AAD3-2DA54C5B7A86}.Release|Any CPU.ActiveCfg = Release|Any CPU
		{B0798166-E1B8-46F4-AAD3-2DA54C5B7A86}.Release|Any CPU.Build.0 = Release|Any CPU
		{8B7B1359-B93A-4262-ACD0-0E55D95AE490}.Debug|Any CPU.ActiveCfg = Debug|Any CPU
		{8B7B1359-B93A-4262-ACD0-0E55D95AE490}.Debug|Any CPU.Build.0 = Debug|Any CPU
		{8B7B1359-B93A-4262-ACD0-0E55D95AE490}.Release|Any CPU.ActiveCfg = Release|Any CPU
		{8B7B1359-B93A-4262-ACD0-0E55D95AE490}.Release|Any CPU.Build.0 = Release|Any CPU
		{64644C07-41C7-4DBE-9676-70D5AB060556}.Debug|Any CPU.ActiveCfg = Debug|Any CPU
		{64644C07-41C7-4DBE-9676-70D5AB060556}.Debug|Any CPU.Build.0 = Debug|Any CPU
		{64644C07-41C7-4DBE-9676-70D5AB060556}.Release|Any CPU.ActiveCfg = Release|Any CPU
		{64644C07-41C7-4DBE-9676-70D5AB060556}.Release|Any CPU.Build.0 = Release|Any CPU
		{0A30DE04-27BA-43D2-BECF-9F713F08766E}.Debug|Any CPU.ActiveCfg = Debug|Any CPU
		{0A30DE04-27BA-43D2-BECF-9F713F08766E}.Debug|Any CPU.Build.0 = Debug|Any CPU
		{0A30DE04-27BA-43D2-BECF-9F713F08766E}.Release|Any CPU.ActiveCfg = Release|Any CPU
		{0A30DE04-27BA-43D2-BECF-9F713F08766E}.Release|Any CPU.Build.0 = Release|Any CPU
	EndGlobalSection
	GlobalSection(SolutionProperties) = preSolution
		HideSolutionNode = FALSE
	EndGlobalSection
	GlobalSection(ExtensibilityGlobals) = postSolution
		SolutionGuid = {43A9B3BF-DA8C-4C05-9B1F-947F35C916F9}
	EndGlobalSection
EndGlobal
